
Microsoft Visual Studio Solution File, Format Version 12.00
# Visual Studio Version 17
VisualStudioVersion = 17.0.31903.59
MinimumVisualStudioVersion = 10.0.40219.1
Project("{9A19103F-16F7-4668-BE54-9A1E7A4F7556}") = "Domain", "Domain\Domain.csproj", "{338D8E90-6469-45C9-AD9F-D00EE53AF094}"
EndProject
Project("{9A19103F-16F7-4668-BE54-9A1E7A4F7556}") = "Application", "Application\Application.csproj", "{B7D6031D-FCB8-4067-A79A-EBEAD6E49E31}"
EndProject
Project("{9A19103F-16F7-4668-BE54-9A1E7A4F7556}") = "Infrastructure", "Infrastructure\Infrastructure.csproj", "{09218B49-6BFF-4729-A6BC-FE1CEF495A9A}"
EndProject
Project("{9A19103F-16F7-4668-BE54-9A1E7A4F7556}") = "Presentation", "Presentation\Presentation.csproj", "{BA1D4447-1608-4B7E-9BD1-7BC012DD08DF}"
EndProject

Global
	GlobalSection(SolutionConfigurationPlatforms) = preSolution
		Debug|Any CPU = Debug|Any CPU
		Release|Any CPU = Release|Any CPU
	EndGlobalSection
	GlobalSection(ProjectConfigurationPlatforms) = postSolution
		{338D8E90-6469-45C9-AD9F-D00EE53AF094}.Debug|Any CPU.ActiveCfg = Debug|Any CPU
		{338D8E90-6469-45C9-AD9F-D00EE53AF094}.Debug|Any CPU.Build.0 = Debug|Any CPU
		{338D8E90-6469-45C9-AD9F-D00EE53AF094}.Release|Any CPU.ActiveCfg = Release|Any CPU
		{338D8E90-6469-45C9-AD9F-D00EE53AF094}.Release|Any CPU.Build.0 = Release|Any CPU
		{B7D6031D-FCB8-4067-A79A-EBEAD6E49E31}.Debug|Any CPU.ActiveCfg = Debug|Any CPU
		{B7D6031D-FCB8-4067-A79A-EBEAD6E49E31}.Debug|Any CPU.Build.0 = Debug|Any CPU
		{B7D6031D-FCB8-4067-A79A-EBEAD6E49E31}.Release|Any CPU.ActiveCfg = Release|Any CPU
		{B7D6031D-FCB8-4067-A79A-EBEAD6E49E31}.Release|Any CPU.Build.0 = Release|Any CPU
		{09218B49-6BFF-4729-A6BC-FE1CEF495A9A}.Debug|Any CPU.ActiveCfg = Debug|Any CPU
		{09218B49-6BFF-4729-A6BC-FE1CEF495A9A}.Debug|Any CPU.Build.0 = Debug|Any CPU
		{09218B49-6BFF-4729-A6BC-FE1CEF495A9A}.Release|Any CPU.ActiveCfg = Release|Any CPU
		{09218B49-6BFF-4729-A6BC-FE1CEF495A9A}.Release|Any CPU.Build.0 = Release|Any CPU
		{BA1D4447-1608-4B7E-9BD1-7BC012DD08DF}.Debug|Any CPU.ActiveCfg = Debug|Any CPU
		{BA1D4447-1608-4B7E-9BD1-7BC012DD08DF}.Debug|Any CPU.Build.0 = Debug|Any CPU
		{BA1D4447-1608-4B7E-9BD1-7BC012DD08DF}.Release|Any CPU.ActiveCfg = Release|Any CPU
		{BA1D4447-1608-4B7E-9BD1-7BC012DD08DF}.Release|Any CPU.Build.0 = Release|Any CPU

	EndGlobalSection
	GlobalSection(SolutionProperties) = preSolution
		HideSolutionNode = FALSE
	EndGlobalSection
	GlobalSection(ExtensibilityGlobals) = postSolution
		SolutionGuid = {790D25B5-8929-414D-873A-1D151B44B733}
	EndGlobalSection
EndGlobal
